
Microsoft Visual Studio Solution File, Format Version 12.00
# Visual Studio Version 17
VisualStudioVersion = 17.9.34701.34
MinimumVisualStudioVersion = 10.0.40219.1
Project("{FAE04EC0-301F-11D3-BF4B-00C04F79EFBC}") = "Fidelv1", "Fidelv1\Fidelv1.csproj", "{FDEF81CB-E5C5-4252-8D1C-1AD270E13821}"
EndProject
Global
	GlobalSection(SolutionConfigurationPlatforms) = preSolution
		Debug|Any CPU = Debug|Any CPU
		Release|Any CPU = Release|Any CPU
	EndGlobalSection
	GlobalSection(ProjectConfigurationPlatforms) = postSolution
		{FDEF81CB-E5C5-4252-8D1C-1AD270E13821}.Debug|Any CPU.ActiveCfg = Debug|Any CPU
		{FDEF81CB-E5C5-4252-8D1C-1AD270E13821}.Debug|Any CPU.Build.0 = Debug|Any CPU
		{FDEF81CB-E5C5-4252-8D1C-1AD270E13821}.Release|Any CPU.ActiveCfg = Release|Any CPU
		{FDEF81CB-E5C5-4252-8D1C-1AD270E13821}.Release|Any CPU.Build.0 = Release|Any CPU
	EndGlobalSection
	GlobalSection(SolutionProperties) = preSolution
		HideSolutionNode = FALSE
	EndGlobalSection
	GlobalSection(ExtensibilityGlobals) = postSolution
		SolutionGuid = {7B1D9963-F45E-47D3-A79A-E576BE64F9FF}
	EndGlobalSection
EndGlobal
